
Microsoft Visual Studio Solution File, Format Version 12.00
# Visual Studio Version 16
VisualStudioVersion = 16.0.31205.134
MinimumVisualStudioVersion = 10.0.40219.1
Project("{FAE04EC0-301F-11D3-BF4B-00C04F79EFBC}") = "Exam_Practice", "Exam_Practice\Exam_Practice.csproj", "{F5FA935F-E028-4F3D-9F60-690A9F325913}"
EndProject
Global
	GlobalSection(SolutionConfigurationPlatforms) = preSolution
		Debug|Any CPU = Debug|Any CPU
		Release|Any CPU = Release|Any CPU
	EndGlobalSection
	GlobalSection(ProjectConfigurationPlatforms) = postSolution
		{F5FA935F-E028-4F3D-9F60-690A9F325913}.Debug|Any CPU.ActiveCfg = Debug|Any CPU
		{F5FA935F-E028-4F3D-9F60-690A9F325913}.Debug|Any CPU.Build.0 = Debug|Any CPU
		{F5FA935F-E028-4F3D-9F60-690A9F325913}.Release|Any CPU.ActiveCfg = Release|Any CPU
		{F5FA935F-E028-4F3D-9F60-690A9F325913}.Release|Any CPU.Build.0 = Release|Any CPU
	EndGlobalSection
	GlobalSection(SolutionProperties) = preSolution
		HideSolutionNode = FALSE
	EndGlobalSection
	GlobalSection(ExtensibilityGlobals) = postSolution
		SolutionGuid = {BE39C027-F123-4109-8394-67B74D6DD965}
	EndGlobalSection
EndGlobal
